// !$*UTF8*$!
{
	archiveVersion = 1;
	classes = {
	};
	objectVersion = 56;
	objects = {

/* Begin PBXBuildFile section */
		5F19D6EB295858B400FD7016 /* FavoritesViewModel.swift in Sources */ = {isa = PBXBuildFile; fileRef = 5F19D6EA295858B400FD7016 /* FavoritesViewModel.swift */; };
		5F38C21129585091001F2F9B /* FavoritesView.swift in Sources */ = {isa = PBXBuildFile; fileRef = 5F38C21029585091001F2F9B /* FavoritesView.swift */; };
		5F5567632952E76C0031CA5C /* MoviesAppApp.swift in Sources */ = {isa = PBXBuildFile; fileRef = 5F5567622952E76C0031CA5C /* MoviesAppApp.swift */; };
		5F5567652952E76C0031CA5C /* ContentView.swift in Sources */ = {isa = PBXBuildFile; fileRef = 5F5567642952E76C0031CA5C /* ContentView.swift */; };
		5F5567672952E76C0031CA5C /* Assets.xcassets in Resources */ = {isa = PBXBuildFile; fileRef = 5F5567662952E76C0031CA5C /* Assets.xcassets */; };
		5F55676A2952E76C0031CA5C /* Preview Assets.xcassets in Resources */ = {isa = PBXBuildFile; fileRef = 5F5567692952E76C0031CA5C /* Preview Assets.xcassets */; };
		5F5567722952E85A0031CA5C /* Constants.swift in Sources */ = {isa = PBXBuildFile; fileRef = 5F5567712952E85A0031CA5C /* Constants.swift */; };
		5F5567752953F6F70031CA5C /* WebService.swift in Sources */ = {isa = PBXBuildFile; fileRef = 5F5567742953F6F70031CA5C /* WebService.swift */; };
		5F5567772953F7210031CA5C /* NetworkService.swift in Sources */ = {isa = PBXBuildFile; fileRef = 5F5567762953F7210031CA5C /* NetworkService.swift */; };
		5F55677C2953F82E0031CA5C /* TrendingView.swift in Sources */ = {isa = PBXBuildFile; fileRef = 5F55677B2953F82E0031CA5C /* TrendingView.swift */; };
		5F55677F2953FBC80031CA5C /* Welcome.swift in Sources */ = {isa = PBXBuildFile; fileRef = 5F55677E2953FBC80031CA5C /* Welcome.swift */; };
		5F556781295409840031CA5C /* TrendingViewModel.swift in Sources */ = {isa = PBXBuildFile; fileRef = 5F556780295409840031CA5C /* TrendingViewModel.swift */; };
		5F556785295609F30031CA5C /* SideScrollView.swift in Sources */ = {isa = PBXBuildFile; fileRef = 5F556784295609F30031CA5C /* SideScrollView.swift */; };
		5F55678729560A720031CA5C /* DetailView.swift in Sources */ = {isa = PBXBuildFile; fileRef = 5F55678629560A720031CA5C /* DetailView.swift */; };
		5FB7E5542C87EC3A00F2E9D0 /* LoadingView.swift in Sources */ = {isa = PBXBuildFile; fileRef = 5FB7E5532C87EC3900F2E9D0 /* LoadingView.swift */; };
		5FB7E5582C8C8C0800F2E9D0 /* AddedIndicatorView.swift in Sources */ = {isa = PBXBuildFile; fileRef = 5FB7E5572C8C8C0800F2E9D0 /* AddedIndicatorView.swift */; };
/* End PBXBuildFile section */

/* Begin PBXContainerItemProxy section */
		5FB7E5622C8D39A600F2E9D0 /* PBXContainerItemProxy */ = {
			isa = PBXContainerItemProxy;
			containerPortal = 5F5567572952E76B0031CA5C /* Project object */;
			proxyType = 1;
			remoteGlobalIDString = 5F55675E2952E76C0031CA5C;
			remoteInfo = MoviesApp;
		};
/* End PBXContainerItemProxy section */

/* Begin PBXFileReference section */
		5F19D6EA295858B400FD7016 /* FavoritesViewModel.swift */ = {isa = PBXFileReference; lastKnownFileType = sourcecode.swift; path = FavoritesViewModel.swift; sourceTree = "<group>"; };
		5F38C20A2956460A001F2F9B /* Info.plist */ = {isa = PBXFileReference; lastKnownFileType = text.plist; path = Info.plist; sourceTree = "<group>"; };
		5F38C21029585091001F2F9B /* FavoritesView.swift */ = {isa = PBXFileReference; lastKnownFileType = sourcecode.swift; path = FavoritesView.swift; sourceTree = "<group>"; };
		5F55675F2952E76C0031CA5C /* MoviesApp.app */ = {isa = PBXFileReference; explicitFileType = wrapper.application; includeInIndex = 0; path = MoviesApp.app; sourceTree = BUILT_PRODUCTS_DIR; };
		5F5567622952E76C0031CA5C /* MoviesAppApp.swift */ = {isa = PBXFileReference; lastKnownFileType = sourcecode.swift; path = MoviesAppApp.swift; sourceTree = "<group>"; };
		5F5567642952E76C0031CA5C /* ContentView.swift */ = {isa = PBXFileReference; lastKnownFileType = sourcecode.swift; path = ContentView.swift; sourceTree = "<group>"; };
		5F5567662952E76C0031CA5C /* Assets.xcassets */ = {isa = PBXFileReference; lastKnownFileType = folder.assetcatalog; path = Assets.xcassets; sourceTree = "<group>"; };
		5F5567692952E76C0031CA5C /* Preview Assets.xcassets */ = {isa = PBXFileReference; lastKnownFileType = folder.assetcatalog; path = "Preview Assets.xcassets"; sourceTree = "<group>"; };
		5F5567712952E85A0031CA5C /* Constants.swift */ = {isa = PBXFileReference; lastKnownFileType = sourcecode.swift; path = Constants.swift; sourceTree = "<group>"; };
		5F5567742953F6F70031CA5C /* WebService.swift */ = {isa = PBXFileReference; lastKnownFileType = sourcecode.swift; path = WebService.swift; sourceTree = "<group>"; };
		5F5567762953F7210031CA5C /* NetworkService.swift */ = {isa = PBXFileReference; lastKnownFileType = sourcecode.swift; path = NetworkService.swift; sourceTree = "<group>"; };
		5F55677B2953F82E0031CA5C /* TrendingView.swift */ = {isa = PBXFileReference; lastKnownFileType = sourcecode.swift; path = TrendingView.swift; sourceTree = "<group>"; };
		5F55677E2953FBC80031CA5C /* Welcome.swift */ = {isa = PBXFileReference; lastKnownFileType = sourcecode.swift; path = Welcome.swift; sourceTree = "<group>"; };
		5F556780295409840031CA5C /* TrendingViewModel.swift */ = {isa = PBXFileReference; lastKnownFileType = sourcecode.swift; path = TrendingViewModel.swift; sourceTree = "<group>"; };
		5F556784295609F30031CA5C /* SideScrollView.swift */ = {isa = PBXFileReference; lastKnownFileType = sourcecode.swift; path = SideScrollView.swift; sourceTree = "<group>"; };
		5F55678629560A720031CA5C /* DetailView.swift */ = {isa = PBXFileReference; lastKnownFileType = sourcecode.swift; path = DetailView.swift; sourceTree = "<group>"; };
		5FB7E5532C87EC3900F2E9D0 /* LoadingView.swift */ = {isa = PBXFileReference; fileEncoding = 4; lastKnownFileType = sourcecode.swift; path = LoadingView.swift; sourceTree = "<group>"; };
		5FB7E5572C8C8C0800F2E9D0 /* AddedIndicatorView.swift */ = {isa = PBXFileReference; lastKnownFileType = sourcecode.swift; path = AddedIndicatorView.swift; sourceTree = "<group>"; };
		5FB7E55E2C8D39A600F2E9D0 /* MoviesAppTests.xctest */ = {isa = PBXFileReference; explicitFileType = wrapper.cfbundle; includeInIndex = 0; path = MoviesAppTests.xctest; sourceTree = BUILT_PRODUCTS_DIR; };
/* End PBXFileReference section */

/* Begin PBXFrameworksBuildPhase section */
		5F55675C2952E76C0031CA5C /* Frameworks */ = {
			isa = PBXFrameworksBuildPhase;
			buildActionMask = 2147483647;
			files = (
			);
			runOnlyForDeploymentPostprocessing = 0;
		};
		5FB7E55B2C8D39A600F2E9D0 /* Frameworks */ = {
			isa = PBXFrameworksBuildPhase;
			buildActionMask = 2147483647;
			files = (
			);
			runOnlyForDeploymentPostprocessing = 0;
		};
/* End PBXFrameworksBuildPhase section */

/* Begin PBXGroup section */
		5F38C20D29585072001F2F9B /* Favorites */ = {
			isa = PBXGroup;
			children = (
				5F38C20F29585081001F2F9B /* ViewModel */,
				5F38C20E2958507D001F2F9B /* View */,
			);
			path = Favorites;
			sourceTree = "<group>";
		};
		5F38C20E2958507D001F2F9B /* View */ = {
			isa = PBXGroup;
			children = (
				5F38C21029585091001F2F9B /* FavoritesView.swift */,
			);
			path = View;
			sourceTree = "<group>";
		};
		5F38C20F29585081001F2F9B /* ViewModel */ = {
			isa = PBXGroup;
			children = (
				5F19D6EA295858B400FD7016 /* FavoritesViewModel.swift */,
			);
			path = ViewModel;
			sourceTree = "<group>";
		};
		5F5567562952E76B0031CA5C = {
			isa = PBXGroup;
			children = (
				5F5567612952E76C0031CA5C /* MoviesApp */,
				5F5567602952E76C0031CA5C /* Products */,
			);
			sourceTree = "<group>";
		};
		5F5567602952E76C0031CA5C /* Products */ = {
			isa = PBXGroup;
			children = (
				5F55675F2952E76C0031CA5C /* MoviesApp.app */,
				5FB7E55E2C8D39A600F2E9D0 /* MoviesAppTests.xctest */,
			);
			name = Products;
			sourceTree = "<group>";
		};
		5F5567612952E76C0031CA5C /* MoviesApp */ = {
			isa = PBXGroup;
			children = (
				5F38C20A2956460A001F2F9B /* Info.plist */,
				5F55677D2953FBB70031CA5C /* Models */,
				5F5567702952E84C0031CA5C /* Constants */,
				5F5567732953F6E30031CA5C /* Service */,
				5F38C20D29585072001F2F9B /* Favorites */,
				5F5567782953F7F80031CA5C /* Trending */,
				5FB7E5592C8D084300F2E9D0 /* Utils */,
				5F5567622952E76C0031CA5C /* MoviesAppApp.swift */,
				5F5567642952E76C0031CA5C /* ContentView.swift */,
				5F5567662952E76C0031CA5C /* Assets.xcassets */,
				5F5567682952E76C0031CA5C /* Preview Content */,
			);
			path = MoviesApp;
			sourceTree = "<group>";
		};
		5F5567682952E76C0031CA5C /* Preview Content */ = {
			isa = PBXGroup;
			children = (
				5F5567692952E76C0031CA5C /* Preview Assets.xcassets */,
			);
			path = "Preview Content";
			sourceTree = "<group>";
		};
		5F5567702952E84C0031CA5C /* Constants */ = {
			isa = PBXGroup;
			children = (
				5F5567712952E85A0031CA5C /* Constants.swift */,
			);
			path = Constants;
			sourceTree = "<group>";
		};
		5F5567732953F6E30031CA5C /* Service */ = {
			isa = PBXGroup;
			children = (
				5F5567762953F7210031CA5C /* NetworkService.swift */,
				5F5567742953F6F70031CA5C /* WebService.swift */,
			);
			path = Service;
			sourceTree = "<group>";
		};
		5F5567782953F7F80031CA5C /* Trending */ = {
			isa = PBXGroup;
			children = (
				5F55677A2953F81C0031CA5C /* ViewModel */,
				5F5567792953F8160031CA5C /* View */,
			);
			path = Trending;
			sourceTree = "<group>";
		};
		5F5567792953F8160031CA5C /* View */ = {
			isa = PBXGroup;
			children = (
				5F55677B2953F82E0031CA5C /* TrendingView.swift */,
				5F55678629560A720031CA5C /* DetailView.swift */,
			);
			path = View;
			sourceTree = "<group>";
		};
		5F55677A2953F81C0031CA5C /* ViewModel */ = {
			isa = PBXGroup;
			children = (
				5F556780295409840031CA5C /* TrendingViewModel.swift */,
			);
			path = ViewModel;
			sourceTree = "<group>";
		};
		5F55677D2953FBB70031CA5C /* Models */ = {
			isa = PBXGroup;
			children = (
				5F55677E2953FBC80031CA5C /* Welcome.swift */,
			);
			path = Models;
			sourceTree = "<group>";
		};
		5FB7E5592C8D084300F2E9D0 /* Utils */ = {
			isa = PBXGroup;
			children = (
				5F556784295609F30031CA5C /* SideScrollView.swift */,
				5FB7E5532C87EC3900F2E9D0 /* LoadingView.swift */,
				5FB7E5572C8C8C0800F2E9D0 /* AddedIndicatorView.swift */,
			);
			path = Utils;
			sourceTree = "<group>";
		};
/* End PBXGroup section */

/* Begin PBXNativeTarget section */
		5F55675E2952E76C0031CA5C /* MoviesApp */ = {
			isa = PBXNativeTarget;
			buildConfigurationList = 5F55676D2952E76C0031CA5C /* Build configuration list for PBXNativeTarget "MoviesApp" */;
			buildPhases = (
				5F55675B2952E76C0031CA5C /* Sources */,
				5F55675C2952E76C0031CA5C /* Frameworks */,
				5F55675D2952E76C0031CA5C /* Resources */,
			);
			buildRules = (
			);
			dependencies = (
			);
			name = MoviesApp;
			productName = MoviesApp;
			productReference = 5F55675F2952E76C0031CA5C /* MoviesApp.app */;
			productType = "com.apple.product-type.application";
		};
		5FB7E55D2C8D39A600F2E9D0 /* MoviesAppTests */ = {
			isa = PBXNativeTarget;
			buildConfigurationList = 5FB7E5642C8D39A600F2E9D0 /* Build configuration list for PBXNativeTarget "MoviesAppTests" */;
			buildPhases = (
				5FB7E55A2C8D39A600F2E9D0 /* Sources */,
				5FB7E55B2C8D39A600F2E9D0 /* Frameworks */,
				5FB7E55C2C8D39A600F2E9D0 /* Resources */,
			);
			buildRules = (
			);
			dependencies = (
				5FB7E5632C8D39A600F2E9D0 /* PBXTargetDependency */,
			);
			name = MoviesAppTests;
			productName = MoviesAppTests;
			productReference = 5FB7E55E2C8D39A600F2E9D0 /* MoviesAppTests.xctest */;
			productType = "com.apple.product-type.bundle.unit-test";
		};
/* End PBXNativeTarget section */

/* Begin PBXProject section */
		5F5567572952E76B0031CA5C /* Project object */ = {
			isa = PBXProject;
			attributes = {
				BuildIndependentTargetsInParallel = 1;
				LastSwiftUpdateCheck = 1540;
				LastUpgradeCheck = 1540;
				TargetAttributes = {
					5F55675E2952E76C0031CA5C = {
						CreatedOnToolsVersion = 14.1;
					};
					5FB7E55D2C8D39A600F2E9D0 = {
						CreatedOnToolsVersion = 15.4;
						TestTargetID = 5F55675E2952E76C0031CA5C;
					};
				};
			};
			buildConfigurationList = 5F55675A2952E76B0031CA5C /* Build configuration list for PBXProject "MoviesApp" */;
			compatibilityVersion = "Xcode 14.0";
			developmentRegion = en;
			hasScannedForEncodings = 0;
			knownRegions = (
				en,
				Base,
			);
			mainGroup = 5F5567562952E76B0031CA5C;
			productRefGroup = 5F5567602952E76C0031CA5C /* Products */;
			projectDirPath = "";
			projectRoot = "";
			targets = (
				5F55675E2952E76C0031CA5C /* MoviesApp */,
				5FB7E55D2C8D39A600F2E9D0 /* MoviesAppTests */,
			);
		};
/* End PBXProject section */

/* Begin PBXResourcesBuildPhase section */
		5F55675D2952E76C0031CA5C /* Resources */ = {
			isa = PBXResourcesBuildPhase;
			buildActionMask = 2147483647;
			files = (
				5F55676A2952E76C0031CA5C /* Preview Assets.xcassets in Resources */,
				5F5567672952E76C0031CA5C /* Assets.xcassets in Resources */,
			);
			runOnlyForDeploymentPostprocessing = 0;
		};
		5FB7E55C2C8D39A600F2E9D0 /* Resources */ = {
			isa = PBXResourcesBuildPhase;
			buildActionMask = 2147483647;
			files = (
			);
			runOnlyForDeploymentPostprocessing = 0;
		};
/* End PBXResourcesBuildPhase section */

/* Begin PBXSourcesBuildPhase section */
		5F55675B2952E76C0031CA5C /* Sources */ = {
			isa = PBXSourcesBuildPhase;
			buildActionMask = 2147483647;
			files = (
				5F38C21129585091001F2F9B /* FavoritesView.swift in Sources */,
				5F55677F2953FBC80031CA5C /* Welcome.swift in Sources */,
				5F5567772953F7210031CA5C /* NetworkService.swift in Sources */,
				5F5567652952E76C0031CA5C /* ContentView.swift in Sources */,
				5F5567632952E76C0031CA5C /* MoviesAppApp.swift in Sources */,
				5FB7E5582C8C8C0800F2E9D0 /* AddedIndicatorView.swift in Sources */,
				5F55678729560A720031CA5C /* DetailView.swift in Sources */,
				5F19D6EB295858B400FD7016 /* FavoritesViewModel.swift in Sources */,
				5F55677C2953F82E0031CA5C /* TrendingView.swift in Sources */,
				5F556785295609F30031CA5C /* SideScrollView.swift in Sources */,
				5F5567752953F6F70031CA5C /* WebService.swift in Sources */,
				5F556781295409840031CA5C /* TrendingViewModel.swift in Sources */,
				5FB7E5542C87EC3A00F2E9D0 /* LoadingView.swift in Sources */,
				5F5567722952E85A0031CA5C /* Constants.swift in Sources */,
			);
			runOnlyForDeploymentPostprocessing = 0;
		};
		5FB7E55A2C8D39A600F2E9D0 /* Sources */ = {
			isa = PBXSourcesBuildPhase;
			buildActionMask = 2147483647;
			files = (
			);
			runOnlyForDeploymentPostprocessing = 0;
		};
/* End PBXSourcesBuildPhase section */

/* Begin PBXTargetDependency section */
		5FB7E5632C8D39A600F2E9D0 /* PBXTargetDependency */ = {
			isa = PBXTargetDependency;
			target = 5F55675E2952E76C0031CA5C /* MoviesApp */;
			targetProxy = 5FB7E5622C8D39A600F2E9D0 /* PBXContainerItemProxy */;
		};
/* End PBXTargetDependency section */

/* Begin XCBuildConfiguration section */
		5F55676B2952E76C0031CA5C /* Debug */ = {
			isa = XCBuildConfiguration;
			buildSettings = {
				ALWAYS_SEARCH_USER_PATHS = NO;
				CLANG_ANALYZER_NONNULL = YES;
				CLANG_ANALYZER_NUMBER_OBJECT_CONVERSION = YES_AGGRESSIVE;
				CLANG_CXX_LANGUAGE_STANDARD = "gnu++20";
				CLANG_ENABLE_MODULES = YES;
				CLANG_ENABLE_OBJC_ARC = YES;
				CLANG_ENABLE_OBJC_WEAK = YES;
				CLANG_WARN_BLOCK_CAPTURE_AUTORELEASING = YES;
				CLANG_WARN_BOOL_CONVERSION = YES;
				CLANG_WARN_COMMA = YES;
				CLANG_WARN_CONSTANT_CONVERSION = YES;
				CLANG_WARN_DEPRECATED_OBJC_IMPLEMENTATIONS = YES;
				CLANG_WARN_DIRECT_OBJC_ISA_USAGE = YES_ERROR;
				CLANG_WARN_DOCUMENTATION_COMMENTS = YES;
				CLANG_WARN_EMPTY_BODY = YES;
				CLANG_WARN_ENUM_CONVERSION = YES;
				CLANG_WARN_INFINITE_RECURSION = YES;
				CLANG_WARN_INT_CONVERSION = YES;
				CLANG_WARN_NON_LITERAL_NULL_CONVERSION = YES;
				CLANG_WARN_OBJC_IMPLICIT_RETAIN_SELF = YES;
				CLANG_WARN_OBJC_LITERAL_CONVERSION = YES;
				CLANG_WARN_OBJC_ROOT_CLASS = YES_ERROR;
				CLANG_WARN_QUOTED_INCLUDE_IN_FRAMEWORK_HEADER = YES;
				CLANG_WARN_RANGE_LOOP_ANALYSIS = YES;
				CLANG_WARN_STRICT_PROTOTYPES = YES;
				CLANG_WARN_SUSPICIOUS_MOVE = YES;
				CLANG_WARN_UNGUARDED_AVAILABILITY = YES_AGGRESSIVE;
				CLANG_WARN_UNREACHABLE_CODE = YES;
				CLANG_WARN__DUPLICATE_METHOD_MATCH = YES;
				COPY_PHASE_STRIP = NO;
				DEBUG_INFORMATION_FORMAT = dwarf;
				ENABLE_STRICT_OBJC_MSGSEND = YES;
				ENABLE_TESTABILITY = YES;
				ENABLE_USER_SCRIPT_SANDBOXING = YES;
				GCC_C_LANGUAGE_STANDARD = gnu11;
				GCC_DYNAMIC_NO_PIC = NO;
				GCC_NO_COMMON_BLOCKS = YES;
				GCC_OPTIMIZATION_LEVEL = 0;
				GCC_PREPROCESSOR_DEFINITIONS = (
					"DEBUG=1",
					"$(inherited)",
				);
				GCC_WARN_64_TO_32_BIT_CONVERSION = YES;
				GCC_WARN_ABOUT_RETURN_TYPE = YES_ERROR;
				GCC_WARN_UNDECLARED_SELECTOR = YES;
				GCC_WARN_UNINITIALIZED_AUTOS = YES_AGGRESSIVE;
				GCC_WARN_UNUSED_FUNCTION = YES;
				GCC_WARN_UNUSED_VARIABLE = YES;
				IPHONEOS_DEPLOYMENT_TARGET = 17.5;
				MTL_ENABLE_DEBUG_INFO = INCLUDE_SOURCE;
				MTL_FAST_MATH = YES;
				ONLY_ACTIVE_ARCH = YES;
				SDKROOT = iphoneos;
				SWIFT_ACTIVE_COMPILATION_CONDITIONS = DEBUG;
				SWIFT_OPTIMIZATION_LEVEL = "-Onone";
				SWIFT_VERSION = 5.0;
			};
			name = Debug;
		};
		5F55676C2952E76C0031CA5C /* Release */ = {
			isa = XCBuildConfiguration;
			buildSettings = {
				ALWAYS_SEARCH_USER_PATHS = NO;
				CLANG_ANALYZER_NONNULL = YES;
				CLANG_ANALYZER_NUMBER_OBJECT_CONVERSION = YES_AGGRESSIVE;
				CLANG_CXX_LANGUAGE_STANDARD = "gnu++20";
				CLANG_ENABLE_MODULES = YES;
				CLANG_ENABLE_OBJC_ARC = YES;
				CLANG_ENABLE_OBJC_WEAK = YES;
				CLANG_WARN_BLOCK_CAPTURE_AUTORELEASING = YES;
				CLANG_WARN_BOOL_CONVERSION = YES;
				CLANG_WARN_COMMA = YES;
				CLANG_WARN_CONSTANT_CONVERSION = YES;
				CLANG_WARN_DEPRECATED_OBJC_IMPLEMENTATIONS = YES;
				CLANG_WARN_DIRECT_OBJC_ISA_USAGE = YES_ERROR;
				CLANG_WARN_DOCUMENTATION_COMMENTS = YES;
				CLANG_WARN_EMPTY_BODY = YES;
				CLANG_WARN_ENUM_CONVERSION = YES;
				CLANG_WARN_INFINITE_RECURSION = YES;
				CLANG_WARN_INT_CONVERSION = YES;
				CLANG_WARN_NON_LITERAL_NULL_CONVERSION = YES;
				CLANG_WARN_OBJC_IMPLICIT_RETAIN_SELF = YES;
				CLANG_WARN_OBJC_LITERAL_CONVERSION = YES;
				CLANG_WARN_OBJC_ROOT_CLASS = YES_ERROR;
				CLANG_WARN_QUOTED_INCLUDE_IN_FRAMEWORK_HEADER = YES;
				CLANG_WARN_RANGE_LOOP_ANALYSIS = YES;
				CLANG_WARN_STRICT_PROTOTYPES = YES;
				CLANG_WARN_SUSPICIOUS_MOVE = YES;
				CLANG_WARN_UNGUARDED_AVAILABILITY = YES_AGGRESSIVE;
				CLANG_WARN_UNREACHABLE_CODE = YES;
				CLANG_WARN__DUPLICATE_METHOD_MATCH = YES;
				COPY_PHASE_STRIP = NO;
				DEBUG_INFORMATION_FORMAT = "dwarf-with-dsym";
				ENABLE_NS_ASSERTIONS = NO;
				ENABLE_STRICT_OBJC_MSGSEND = YES;
				ENABLE_USER_SCRIPT_SANDBOXING = YES;
				GCC_C_LANGUAGE_STANDARD = gnu11;
				GCC_NO_COMMON_BLOCKS = YES;
				GCC_WARN_64_TO_32_BIT_CONVERSION = YES;
				GCC_WARN_ABOUT_RETURN_TYPE = YES_ERROR;
				GCC_WARN_UNDECLARED_SELECTOR = YES;
				GCC_WARN_UNINITIALIZED_AUTOS = YES_AGGRESSIVE;
				GCC_WARN_UNUSED_FUNCTION = YES;
				GCC_WARN_UNUSED_VARIABLE = YES;
				IPHONEOS_DEPLOYMENT_TARGET = 17.5;
				MTL_ENABLE_DEBUG_INFO = NO;
				MTL_FAST_MATH = YES;
				SDKROOT = iphoneos;
				SWIFT_COMPILATION_MODE = wholemodule;
				SWIFT_OPTIMIZATION_LEVEL = "-O";
				SWIFT_VERSION = 5.0;
				VALIDATE_PRODUCT = YES;
			};
			name = Release;
		};
		5F55676E2952E76C0031CA5C /* Debug */ = {
			isa = XCBuildConfiguration;
			buildSettings = {
				ASSETCATALOG_COMPILER_APPICON_NAME = AppIcon;
				ASSETCATALOG_COMPILER_GLOBAL_ACCENT_COLOR_NAME = AccentColor;
				CODE_SIGN_STYLE = Automatic;
				CURRENT_PROJECT_VERSION = 1;
				DEVELOPMENT_ASSET_PATHS = "\"MoviesApp/Preview Content\"";
				DEVELOPMENT_TEAM = 9N8K6W6YQ4;
				ENABLE_PREVIEWS = YES;
				GENERATE_INFOPLIST_FILE = YES;
				INFOPLIST_FILE = MoviesApp/Info.plist;
				INFOPLIST_KEY_UIApplicationSceneManifest_Generation = YES;
				INFOPLIST_KEY_UIApplicationSupportsIndirectInputEvents = YES;
				INFOPLIST_KEY_UILaunchScreen_Generation = YES;
				INFOPLIST_KEY_UISupportedInterfaceOrientations = UIInterfaceOrientationPortrait;
				LD_RUNPATH_SEARCH_PATHS = (
					"$(inherited)",
					"@executable_path/Frameworks",
				);
				MARKETING_VERSION = 1.0;
				PRODUCT_BUNDLE_IDENTIFIER = meokay.MoviesApp;
				PRODUCT_NAME = "$(TARGET_NAME)";
				SWIFT_EMIT_LOC_STRINGS = YES;
				SWIFT_VERSION = 5.0;
				TARGETED_DEVICE_FAMILY = "1,2";
			};
			name = Debug;
		};
		5F55676F2952E76C0031CA5C /* Release */ = {
			isa = XCBuildConfiguration;
			buildSettings = {
				ASSETCATALOG_COMPILER_APPICON_NAME = AppIcon;
				ASSETCATALOG_COMPILER_GLOBAL_ACCENT_COLOR_NAME = AccentColor;
				CODE_SIGN_STYLE = Automatic;
				CURRENT_PROJECT_VERSION = 1;
				DEVELOPMENT_ASSET_PATHS = "\"MoviesApp/Preview Content\"";
				DEVELOPMENT_TEAM = 9N8K6W6YQ4;
				ENABLE_PREVIEWS = YES;
				GENERATE_INFOPLIST_FILE = YES;
				INFOPLIST_FILE = MoviesApp/Info.plist;
				INFOPLIST_KEY_UIApplicationSceneManifest_Generation = YES;
				INFOPLIST_KEY_UIApplicationSupportsIndirectInputEvents = YES;
				INFOPLIST_KEY_UILaunchScreen_Generation = YES;
				INFOPLIST_KEY_UISupportedInterfaceOrientations = UIInterfaceOrientationPortrait;
				LD_RUNPATH_SEARCH_PATHS = (
					"$(inherited)",
					"@executable_path/Frameworks",
				);
				MARKETING_VERSION = 1.0;
				PRODUCT_BUNDLE_IDENTIFIER = meokay.MoviesApp;
				PRODUCT_NAME = "$(TARGET_NAME)";
				SWIFT_EMIT_LOC_STRINGS = YES;
				SWIFT_VERSION = 5.0;
				TARGETED_DEVICE_FAMILY = "1,2";
			};
			name = Release;
		};
		5FB7E5652C8D39A600F2E9D0 /* Debug */ = {
			isa = XCBuildConfiguration;
			buildSettings = {
				ASSETCATALOG_COMPILER_GENERATE_SWIFT_ASSET_SYMBOL_EXTENSIONS = YES;
				BUNDLE_LOADER = "$(TEST_HOST)";
				CODE_SIGN_STYLE = Automatic;
				CURRENT_PROJECT_VERSION = 1;
				DEVELOPMENT_TEAM = 9N8K6W6YQ4;
				GCC_C_LANGUAGE_STANDARD = gnu17;
				GENERATE_INFOPLIST_FILE = YES;
				LOCALIZATION_PREFERS_STRING_CATALOGS = YES;
				MARKETING_VERSION = 1.0;
				PRODUCT_BUNDLE_IDENTIFIER = meokay.MoviesAppTests;
				PRODUCT_NAME = "$(TARGET_NAME)";
				SWIFT_ACTIVE_COMPILATION_CONDITIONS = "DEBUG $(inherited)";
				SWIFT_EMIT_LOC_STRINGS = NO;
				SWIFT_VERSION = 5.0;
				TARGETED_DEVICE_FAMILY = "1,2";
				TEST_HOST = "$(BUILT_PRODUCTS_DIR)/MoviesApp.app/$(BUNDLE_EXECUTABLE_FOLDER_PATH)/MoviesApp";
			};
			name = Debug;
		};
		5FB7E5662C8D39A600F2E9D0 /* Release */ = {
			isa = XCBuildConfiguration;
			buildSettings = {
				ASSETCATALOG_COMPILER_GENERATE_SWIFT_ASSET_SYMBOL_EXTENSIONS = YES;
				BUNDLE_LOADER = "$(TEST_HOST)";
				CODE_SIGN_STYLE = Automatic;
				CURRENT_PROJECT_VERSION = 1;
				DEVELOPMENT_TEAM = 9N8K6W6YQ4;
				GCC_C_LANGUAGE_STANDARD = gnu17;
				GENERATE_INFOPLIST_FILE = YES;
				LOCALIZATION_PREFERS_STRING_CATALOGS = YES;
				MARKETING_VERSION = 1.0;
				PRODUCT_BUNDLE_IDENTIFIER = meokay.MoviesAppTests;
				PRODUCT_NAME = "$(TARGET_NAME)";
				SWIFT_EMIT_LOC_STRINGS = NO;
				SWIFT_VERSION = 5.0;
				TARGETED_DEVICE_FAMILY = "1,2";
				TEST_HOST = "$(BUILT_PRODUCTS_DIR)/MoviesApp.app/$(BUNDLE_EXECUTABLE_FOLDER_PATH)/MoviesApp";
			};
			name = Release;
		};
/* End XCBuildConfiguration section */

/* Begin XCConfigurationList section */
		5F55675A2952E76B0031CA5C /* Build configuration list for PBXProject "MoviesApp" */ = {
			isa = XCConfigurationList;
			buildConfigurations = (
				5F55676B2952E76C0031CA5C /* Debug */,
				5F55676C2952E76C0031CA5C /* Release */,
			);
			defaultConfigurationIsVisible = 0;
			defaultConfigurationName = Release;
		};
		5F55676D2952E76C0031CA5C /* Build configuration list for PBXNativeTarget "MoviesApp" */ = {
			isa = XCConfigurationList;
			buildConfigurations = (
				5F55676E2952E76C0031CA5C /* Debug */,
				5F55676F2952E76C0031CA5C /* Release */,
			);
			defaultConfigurationIsVisible = 0;
			defaultConfigurationName = Release;
		};
		5FB7E5642C8D39A600F2E9D0 /* Build configuration list for PBXNativeTarget "MoviesAppTests" */ = {
			isa = XCConfigurationList;
			buildConfigurations = (
				5FB7E5652C8D39A600F2E9D0 /* Debug */,
				5FB7E5662C8D39A600F2E9D0 /* Release */,
			);
			defaultConfigurationIsVisible = 0;
			defaultConfigurationName = Release;
		};
/* End XCConfigurationList section */
	};
	rootObject = 5F5567572952E76B0031CA5C /* Project object */;
}
